
Microsoft Visual Studio Solution File, Format Version 12.00
# Visual Studio Version 17
VisualStudioVersion = 17.0.31903.59
MinimumVisualStudioVersion = 10.0.40219.1
Project("{FAE04EC0-301F-11D3-BF4B-00C04F79EFBC}") = "Calculate and Print Student Grades", "Calculate and Print Student Grades\Calculate and Print Student Grades.csproj", "{A8EBBC24-0A4A-4FC5-923C-42645BE212EB}"
EndProject
Project("{FAE04EC0-301F-11D3-BF4B-00C04F79EFBC}") = "Calculate Final GPA", "Calculate Final GPA\Calculate Final GPA.csproj", "{794D41D0-EE39-4F0F-9DBE-140E698C0C61}"
EndProject
Project("{FAE04EC0-301F-11D3-BF4B-00C04F79EFBC}") = "Evaluate Boolean expressions to make decisions in CSharp", "Evaluate Boolean expressions to make decisions in CSharp\Evaluate Boolean expressions to make decisions in CSharp.csproj", "{87FF1244-95E3-4EBE-A2F7-FD837C1CBB3E}"
EndProject
Global
	GlobalSection(SolutionConfigurationPlatforms) = preSolution
		Debug|Any CPU = Debug|Any CPU
		Release|Any CPU = Release|Any CPU
	EndGlobalSection
	GlobalSection(SolutionProperties) = preSolution
		HideSolutionNode = FALSE
	EndGlobalSection
	GlobalSection(ProjectConfigurationPlatforms) = postSolution
		{A8EBBC24-0A4A-4FC5-923C-42645BE212EB}.Debug|Any CPU.ActiveCfg = Debug|Any CPU
		{A8EBBC24-0A4A-4FC5-923C-42645BE212EB}.Debug|Any CPU.Build.0 = Debug|Any CPU
		{A8EBBC24-0A4A-4FC5-923C-42645BE212EB}.Release|Any CPU.ActiveCfg = Release|Any CPU
		{A8EBBC24-0A4A-4FC5-923C-42645BE212EB}.Release|Any CPU.Build.0 = Release|Any CPU
		{794D41D0-EE39-4F0F-9DBE-140E698C0C61}.Debug|Any CPU.ActiveCfg = Debug|Any CPU
		{794D41D0-EE39-4F0F-9DBE-140E698C0C61}.Debug|Any CPU.Build.0 = Debug|Any CPU
		{794D41D0-EE39-4F0F-9DBE-140E698C0C61}.Release|Any CPU.ActiveCfg = Release|Any CPU
		{794D41D0-EE39-4F0F-9DBE-140E698C0C61}.Release|Any CPU.Build.0 = Release|Any CPU
		{87FF1244-95E3-4EBE-A2F7-FD837C1CBB3E}.Debug|Any CPU.ActiveCfg = Debug|Any CPU
		{87FF1244-95E3-4EBE-A2F7-FD837C1CBB3E}.Debug|Any CPU.Build.0 = Debug|Any CPU
		{87FF1244-95E3-4EBE-A2F7-FD837C1CBB3E}.Release|Any CPU.ActiveCfg = Release|Any CPU
		{87FF1244-95E3-4EBE-A2F7-FD837C1CBB3E}.Release|Any CPU.Build.0 = Release|Any CPU
	EndGlobalSection
EndGlobal
